
Microsoft Visual Studio Solution File, Format Version 12.00
# Visual Studio 15
VisualStudioVersion = 15.0.27428.2037
MinimumVisualStudioVersion = 10.0.40219.1
Project("{FAE04EC0-301F-11D3-BF4B-00C04F79EFBC}") = "tf-markt", "tf-markt\tf-markt.csproj", "{AA9AE0B4-D70D-4396-80D4-96C10B62C754}"
EndProject
Global
	GlobalSection(SolutionConfigurationPlatforms) = preSolution
		Debug|Any CPU = Debug|Any CPU
		Release|Any CPU = Release|Any CPU
	EndGlobalSection
	GlobalSection(ProjectConfigurationPlatforms) = postSolution
		{AA9AE0B4-D70D-4396-80D4-96C10B62C754}.Debug|Any CPU.ActiveCfg = Debug|Any CPU
		{AA9AE0B4-D70D-4396-80D4-96C10B62C754}.Debug|Any CPU.Build.0 = Debug|Any CPU
		{AA9AE0B4-D70D-4396-80D4-96C10B62C754}.Release|Any CPU.ActiveCfg = Release|Any CPU
		{AA9AE0B4-D70D-4396-80D4-96C10B62C754}.Release|Any CPU.Build.0 = Release|Any CPU
	EndGlobalSection
	GlobalSection(SolutionProperties) = preSolution
		HideSolutionNode = FALSE
	EndGlobalSection
	GlobalSection(ExtensibilityGlobals) = postSolution
		SolutionGuid = {4AAACED4-8805-4ACA-960A-7C0353315AB2}
	EndGlobalSection
EndGlobal
